
Microsoft Visual Studio Solution File, Format Version 12.00
# Visual Studio Version 16
VisualStudioVersion = 16.0.30114.105
MinimumVisualStudioVersion = 10.0.40219.1
Project("{9A19103F-16F7-4668-BE54-9A1E7A4F7556}") = "inventario", "inventario.csproj", "{57027AC0-32BF-435A-923B-6E2E2CE7F462}"
EndProject
Project("{FAE04EC0-301F-11D3-BF4B-00C04F79EFBC}") = "InventaryTest", "..\InventaryTest\InventaryTest.csproj", "{8EEC2086-D6DC-402E-B30F-CC6DB0451568}"
EndProject
Global
	GlobalSection(SolutionConfigurationPlatforms) = preSolution
		Debug|Any CPU = Debug|Any CPU
		Release|Any CPU = Release|Any CPU
	EndGlobalSection
	GlobalSection(ProjectConfigurationPlatforms) = postSolution
		{57027AC0-32BF-435A-923B-6E2E2CE7F462}.Debug|Any CPU.ActiveCfg = Debug|Any CPU
		{57027AC0-32BF-435A-923B-6E2E2CE7F462}.Debug|Any CPU.Build.0 = Debug|Any CPU
		{57027AC0-32BF-435A-923B-6E2E2CE7F462}.Release|Any CPU.ActiveCfg = Release|Any CPU
		{57027AC0-32BF-435A-923B-6E2E2CE7F462}.Release|Any CPU.Build.0 = Release|Any CPU
		{8EEC2086-D6DC-402E-B30F-CC6DB0451568}.Debug|Any CPU.ActiveCfg = Debug|Any CPU
		{8EEC2086-D6DC-402E-B30F-CC6DB0451568}.Debug|Any CPU.Build.0 = Debug|Any CPU
		{8EEC2086-D6DC-402E-B30F-CC6DB0451568}.Release|Any CPU.ActiveCfg = Release|Any CPU
		{8EEC2086-D6DC-402E-B30F-CC6DB0451568}.Release|Any CPU.Build.0 = Release|Any CPU
	EndGlobalSection
	GlobalSection(SolutionProperties) = preSolution
		HideSolutionNode = FALSE
	EndGlobalSection
	GlobalSection(ExtensibilityGlobals) = postSolution
		SolutionGuid = {243E89E9-0956-4A72-9118-6823A5612B6A}
	EndGlobalSection
EndGlobal
